{
  "name": "NapicuFridge",
  "lockfileVersion": 3,
  "requires": true,
  "packages": {
    "": {
      "dependencies": {
        "@awesome-cordova-plugins/app-version": "^6.4.0"
      }
    },
    "node_modules/@awesome-cordova-plugins/app-version": {
      "version": "6.4.0",
      "resolved": "https://registry.npmjs.org/@awesome-cordova-plugins/app-version/-/app-version-6.4.0.tgz",
      "integrity": "sha512-S+7kT4rmFL65r15yv31zREceLa5M7HnN4W2qC2m5eG2LnFm19uRX4+xFyzO/8Nb9Hm/FCzn6Bc7QBW4bfOLUqg==",
      "dependencies": {
        "@types/cordova": "latest"
      },
      "peerDependencies": {
        "@awesome-cordova-plugins/core": "^6.0.1",
        "rxjs": "^5.5.0 || ^6.5.0 || ^7.3.0"
      }
    },
    "node_modules/@awesome-cordova-plugins/core": {
      "version": "6.3.0",
      "resolved": "https://registry.npmjs.org/@awesome-cordova-plugins/core/-/core-6.3.0.tgz",
      "integrity": "sha512-MkcWO8akZLHa2RSJEPf76Y3P9wPqh5oXE8YCzn2vnYYeNyYWYnka2pHFsgUdbXJNiS+YeveUzvw+Isweg+wynA==",
      "peer": true,
      "dependencies": {
        "@types/cordova": "latest"
      },
      "peerDependencies": {
        "rxjs": "^5.5.0 || ^6.5.0 || ^7.3.0"
      }
    },
    "node_modules/@types/cordova": {
      "version": "11.0.0",
      "resolved": "https://registry.npmjs.org/@types/cordova/-/cordova-11.0.0.tgz",
      "integrity": "sha512-AtBm1IAqqXsXszJe6XxuA2iXLhraNCj25p/FHRyikPeW0Z3YfgM6qzWb+VJglJTmZc5lqRNy84cYM/sQI5v6Vw=="
    },
    "node_modules/rxjs": {
      "version": "7.8.1",
      "resolved": "https://registry.npmjs.org/rxjs/-/rxjs-7.8.1.tgz",
      "integrity": "sha512-AA3TVj+0A2iuIoQkWEK/tqFjBq2j+6PO6Y0zJcvzLAFhEFIO3HL0vls9hWLncZbAAbK0mar7oZ4V079I/qPMxg==",
      "peer": true,
      "dependencies": {
        "tslib": "^2.1.0"
      }
    },
    "node_modules/tslib": {
      "version": "2.5.2",
      "resolved": "https://registry.npmjs.org/tslib/-/tslib-2.5.2.tgz",
      "integrity": "sha512-5svOrSA2w3iGFDs1HibEVBGbDrAY82bFQ3HZ3ixB+88nsbsWQoKqDRb5UBYAUPEzbBn6dAp5gRNXglySbx1MlA==",
      "peer": true
    }
  }
}
